<?xml version="1.0" encoding="utf-8"?>
<Project ToolsVersion="4.0" xmlns="http://schemas.microsoft.com/developer/msbuild/2003">
  <ItemGroup>
    <Filter Include="Source Files">
      <UniqueIdentifier>{4FC737F1-C7A5-4376-A066-2A32D752A2FF}</UniqueIdentifier>
      <Extensions>cpp;c;cc;cxx;def;odl;idl;hpj;bat;asm;asmx</Extensions>
    </Filter>
    <Filter Include="Header Files">
      <UniqueIdentifier>{93995380-89BD-4b04-88EB-625FBE52EBFB}</UniqueIdentifier>
      <Extensions>h;hh;hpp;hxx;hm;inl;inc;ipp;xsd</Extensions>
    </Filter>
    <Filter Include="Header Files\Vulkan">
      <UniqueIdentifier>{801a5870-89bb-4bb6-a00c-3e8c179e8c2b}</UniqueIdentifier>
    </Filter>
    <Filter Include="Header Files\Vk-Generator">
      <UniqueIdentifier>{8fe4aa7b-76ed-4703-81f7-d96ccb91f974}</UniqueIdentifier>
    </Filter>
    <Filter Include="Header Files\Imgui">
      <UniqueIdentifier>{5bf88840-9aef-4a86-8d2b-f5253de318f8}</UniqueIdentifier>
    </Filter>
    <Filter Include="Shaders">
      <UniqueIdentifier>{e3010a2c-2d19-4f99-a7a7-39724706c97b}</UniqueIdentifier>
    </Filter>
    <Filter Include="Header Files\Simple_Events">
      <UniqueIdentifier>{c2b80a37-643f-4ae2-9b92-d854e20b4d0f}</UniqueIdentifier>
    </Filter>
  </ItemGroup>
  <ItemGroup>
    <ClCompile Include="..\src\App.cpp">
      <Filter>Source Files</Filter>
    </ClCompile>
    <ClCompile Include="..\src\CubeDemo.cpp">
      <Filter>Source Files</Filter>
    </ClCompile>
    <ClCompile Include="..\src\InputManager.cpp">
      <Filter>Source Files</Filter>
    </ClCompile>
    <ClCompile Include="..\src\Main.cpp">
      <Filter>Source Files</Filter>
    </ClCompile>
    <ClCompile Include="..\src\Settings.cpp">
      <Filter>Source Files</Filter>
    </ClCompile>
    <ClCompile Include="..\src\UI.cpp">
      <Filter>Source Files</Filter>
    </ClCompile>
    <ClCompile Include="..\src\include\imgui-1.70\imgui.cpp">
      <Filter>Header Files\Imgui</Filter>
    </ClCompile>
    <ClCompile Include="..\src\include\imgui-1.70\imgui_demo.cpp">
      <Filter>Header Files\Imgui</Filter>
    </ClCompile>
    <ClCompile Include="..\src\include\imgui-1.70\imgui_draw.cpp">
      <Filter>Header Files\Imgui</Filter>
    </ClCompile>
    <ClCompile Include="..\src\include\imgui-1.70\imgui_widgets.cpp">
      <Filter>Header Files\Imgui</Filter>
    </ClCompile>
    <ClCompile Include="..\src\Mesh.cpp">
      <Filter>Source Files</Filter>
    </ClCompile>
    <ClCompile Include="..\src\Model.cpp">
      <Filter>Source Files</Filter>
    </ClCompile>
    <ClCompile Include="..\src\CubeSettings.cpp">
      <Filter>Source Files</Filter>
    </ClCompile>
  </ItemGroup>
  <ItemGroup>
    <ClInclude Include="..\src\include\App.h">
      <Filter>Header Files</Filter>
    </ClInclude>
    <ClInclude Include="..\src\include\CubeDemo.h">
      <Filter>Header Files</Filter>
    </ClInclude>
    <ClInclude Include="..\src\include\InputManager.h">
      <Filter>Header Files</Filter>
    </ClInclude>
    <ClInclude Include="..\src\include\Logger.h">
      <Filter>Header Files</Filter>
    </ClInclude>
    <ClInclude Include="..\src\include\Settings.h">
      <Filter>Header Files</Filter>
    </ClInclude>
    <ClInclude Include="..\src\include\UI.h">
      <Filter>Header Files</Filter>
    </ClInclude>
    <ClInclude Include="..\src\include\Demo.h">
      <Filter>Header Files</Filter>
    </ClInclude>
    <ClInclude Include="..\src\include\Buffer.h">
      <Filter>Header Files\Vulkan</Filter>
    </ClInclude>
    <ClInclude Include="..\src\include\Command.h">
      <Filter>Header Files\Vulkan</Filter>
    </ClInclude>
    <ClInclude Include="..\src\include\Fence.h">
      <Filter>Header Files\Vulkan</Filter>
    </ClInclude>
    <ClInclude Include="..\src\include\FrameBuffer.h">
      <Filter>Header Files\Vulkan</Filter>
    </ClInclude>
    <ClInclude Include="..\src\include\GraphicsPipeline.h">
      <Filter>Header Files\Vulkan</Filter>
    </ClInclude>
    <ClInclude Include="..\src\include\RenderPass.h">
      <Filter>Header Files\Vulkan</Filter>
    </ClInclude>
    <ClInclude Include="..\src\include\RenderTarget.h">
      <Filter>Header Files\Vulkan</Filter>
    </ClInclude>
    <ClInclude Include="..\src\include\Sampler.h">
      <Filter>Header Files\Vulkan</Filter>
    </ClInclude>
    <ClInclude Include="..\src\include\Semaphore.h">
      <Filter>Header Files\Vulkan</Filter>
    </ClInclude>
    <ClInclude Include="..\src\include\Shader.h">
      <Filter>Header Files\Vulkan</Filter>
    </ClInclude>
    <ClInclude Include="..\src\include\Swapchain.h">
      <Filter>Header Files\Vulkan</Filter>
    </ClInclude>
    <ClInclude Include="..\src\include\Texture.h">
      <Filter>Header Files\Vulkan</Filter>
    </ClInclude>
    <ClInclude Include="..\src\include\VulkanHelpers.h">
      <Filter>Header Files\Vulkan</Filter>
    </ClInclude>
    <ClInclude Include="..\src\include\VulkanObjects.h">
      <Filter>Header Files\Vulkan</Filter>
    </ClInclude>
    <ClInclude Include="..\src\include\Vk-Generator\VkGenerator.hpp">
      <Filter>Header Files\Vk-Generator</Filter>
    </ClInclude>
    <ClInclude Include="..\src\include\Vk-Generator\VkGenerator.ipp">
      <Filter>Header Files\Vk-Generator</Filter>
    </ClInclude>
    <ClInclude Include="..\src\include\imgui-1.70\imconfig.h">
      <Filter>Header Files\Imgui</Filter>
    </ClInclude>
    <ClInclude Include="..\src\include\imgui-1.70\imgui.h">
      <Filter>Header Files\Imgui</Filter>
    </ClInclude>
    <ClInclude Include="..\src\include\imgui-1.70\imgui_internal.h">
      <Filter>Header Files\Imgui</Filter>
    </ClInclude>
    <ClInclude Include="..\src\include\imgui-1.70\imstb_rectpack.h">
      <Filter>Header Files\Imgui</Filter>
    </ClInclude>
    <ClInclude Include="..\src\include\imgui-1.70\imstb_textedit.h">
      <Filter>Header Files\Imgui</Filter>
    </ClInclude>
    <ClInclude Include="..\src\include\imgui-1.70\imstb_truetype.h">
      <Filter>Header Files\Imgui</Filter>
    </ClInclude>
    <ClInclude Include="..\src\include\Mesh.h">
      <Filter>Header Files</Filter>
    </ClInclude>
    <ClInclude Include="..\src\include\Model.h">
      <Filter>Header Files</Filter>
    </ClInclude>
    <ClInclude Include="..\src\include\DepthBuffer.h">
      <Filter>Header Files\Vulkan</Filter>
    </ClInclude>
    <ClInclude Include="..\src\include\UniformBuffer.h">
      <Filter>Header Files\Vulkan</Filter>
    </ClInclude>
    <ClInclude Include="..\src\include\Flags.h">
      <Filter>Header Files</Filter>
    </ClInclude>
    <ClInclude Include="..\src\include\DescriptorPool.h">
      <Filter>Header Files\Vulkan</Filter>
    </ClInclude>
    <ClInclude Include="..\src\include\DescriptorSet.h">
      <Filter>Header Files\Vulkan</Filter>
    </ClInclude>
    <ClInclude Include="..\src\include\DescriptorSetLayout.h">
      <Filter>Header Files\Vulkan</Filter>
    </ClInclude>
    <ClInclude Include="..\src\include\CubeDemoSettings.h">
      <Filter>Header Files</Filter>
    </ClInclude>
    <ClInclude Include="..\src\include\Event.hpp">
      <Filter>Header Files\Simple_Events</Filter>
    </ClInclude>
    <ClInclude Include="..\src\include\VertexTypes.h">
      <Filter>Header Files</Filter>
    </ClInclude>
    <ClInclude Include="..\src\include\PipelineCache.h">
      <Filter>Header Files\Vulkan</Filter>
    </ClInclude>
    <ClInclude Include="..\src\include\VertexLayout.h">
      <Filter>Header Files</Filter>
    </ClInclude>
  </ItemGroup>
  <ItemGroup>
    <None Include="..\assets\shaders\triangle_no_mesh.frag">
      <Filter>Shaders</Filter>
    </None>
    <None Include="..\assets\shaders\triangle_no_mesh.vert">
      <Filter>Shaders</Filter>
    </None>
    <None Include="..\assets\shaders\ui.frag">
      <Filter>Shaders</Filter>
    </None>
    <None Include="..\assets\shaders\ui.vert">
      <Filter>Shaders</Filter>
    </None>
    <None Include="..\assets\shaders\Tranform.vert">
      <Filter>Shaders</Filter>
    </None>
    <None Include="..\assets\shaders\unlit.frag">
      <Filter>Shaders</Filter>
    </None>
    <None Include="..\assets\shaders\Tranform_tex.vert">
      <Filter>Shaders</Filter>
    </None>
    <None Include="..\assets\shaders\unlit_tex.frag">
      <Filter>Shaders</Filter>
    </None>
    <None Include="..\assets\shaders\forward_tex.frag">
      <Filter>Shaders</Filter>
    </None>
    <None Include="..\assets\shaders\forward_Tranform_tex.vert">
      <Filter>Shaders</Filter>
    </None>
    <None Include="..\assets\shaders\inputs.vert">
      <Filter>Shaders</Filter>
    </None>
  </ItemGroup>
</Project>